
Microsoft Visual Studio Solution File, Format Version 12.00
# Visual Studio Version 16
VisualStudioVersion = 16.0.31321.278
MinimumVisualStudioVersion = 10.0.40219.1
Project("{FAE04EC0-301F-11D3-BF4B-00C04F79EFBC}") = "ArenaDeBatalha.GUI", "ArenaDeBatalha.GUI\ArenaDeBatalha.GUI.csproj", "{25311360-7463-4B42-B08F-64BEC6634CAA}"
EndProject
Project("{FAE04EC0-301F-11D3-BF4B-00C04F79EFBC}") = "ArenaDeBatalha.GameLogic", "ArenaDeBatalha.GameLogic\ArenaDeBatalha.GameLogic.csproj", "{3B37A4CE-717C-45BE-AB65-FEA5F70775C7}"
EndProject
Global
	GlobalSection(SolutionConfigurationPlatforms) = preSolution
		Debug|Any CPU = Debug|Any CPU
		Release|Any CPU = Release|Any CPU
	EndGlobalSection
	GlobalSection(ProjectConfigurationPlatforms) = postSolution
		{25311360-7463-4B42-B08F-64BEC6634CAA}.Debug|Any CPU.ActiveCfg = Debug|Any CPU
		{25311360-7463-4B42-B08F-64BEC6634CAA}.Debug|Any CPU.Build.0 = Debug|Any CPU
		{25311360-7463-4B42-B08F-64BEC6634CAA}.Release|Any CPU.ActiveCfg = Release|Any CPU
		{25311360-7463-4B42-B08F-64BEC6634CAA}.Release|Any CPU.Build.0 = Release|Any CPU
		{3B37A4CE-717C-45BE-AB65-FEA5F70775C7}.Debug|Any CPU.ActiveCfg = Debug|Any CPU
		{3B37A4CE-717C-45BE-AB65-FEA5F70775C7}.Debug|Any CPU.Build.0 = Debug|Any CPU
		{3B37A4CE-717C-45BE-AB65-FEA5F70775C7}.Release|Any CPU.ActiveCfg = Release|Any CPU
		{3B37A4CE-717C-45BE-AB65-FEA5F70775C7}.Release|Any CPU.Build.0 = Release|Any CPU
	EndGlobalSection
	GlobalSection(SolutionProperties) = preSolution
		HideSolutionNode = FALSE
	EndGlobalSection
	GlobalSection(ExtensibilityGlobals) = postSolution
		SolutionGuid = {5E9ADF3D-40F4-4C82-837C-FA3BFE5D6920}
	EndGlobalSection
EndGlobal
